{
  "name": "tools",
  "version": "1.0.0",
  "lockfileVersion": 3,
  "requires": true,
  "packages": {
    "": {
      "name": "tools",
      "version": "1.0.0",
      "license": "ISC",
      "dependencies": {
        "humanize-duration": "^3.28.0"
      },
      "devDependencies": {
        "@types/humanize-duration": "^3.27.1"
      }
    },
    "node_modules/@types/humanize-duration": {
      "version": "3.27.1",
      "resolved": "https://registry.npmjs.org/@types/humanize-duration/-/humanize-duration-3.27.1.tgz",
      "integrity": "sha512-K3e+NZlpCKd6Bd/EIdqjFJRFHbrq5TzPPLwREk5Iv/YoIjQrs6ljdAUCo+Lb2xFlGNOjGSE0dqsVD19cZL137w==",
      "dev": true
    },
    "node_modules/humanize-duration": {
      "version": "3.28.0",
      "resolved": "https://registry.npmjs.org/humanize-duration/-/humanize-duration-3.28.0.tgz",
      "integrity": "sha512-jMAxraOOmHuPbffLVDKkEKi/NeG8dMqP8lGRd6Tbf7JgAeG33jjgPWDbXXU7ypCI0o+oNKJFgbSB9FKVdWNI2A=="
    }
  }
}
